
Microsoft Visual Studio Solution File, Format Version 11.00
# Visual Studio 2010
Project("{FAE04EC0-301F-11D3-BF4B-00C04F79EFBC}") = "Problem1", "Problem1\Problem1.csproj", "{B2C70681-70AC-49D2-ACA8-5B3D70EC0228}"
EndProject
Project("{FAE04EC0-301F-11D3-BF4B-00C04F79EFBC}") = "Problem2", "Problem2\Problem2.csproj", "{C52E68BE-8401-40BD-A214-708BE2788F74}"
EndProject
Project("{FAE04EC0-301F-11D3-BF4B-00C04F79EFBC}") = "Problem3", "Problem3\Problem3.csproj", "{532D800A-1239-41E3-A61E-6610EADC4D96}"
EndProject
Project("{FAE04EC0-301F-11D3-BF4B-00C04F79EFBC}") = "Problem4", "Problem4\Problem4.csproj", "{6501D705-C3A2-47CB-8DBE-A62F5B759367}"
EndProject
Project("{FAE04EC0-301F-11D3-BF4B-00C04F79EFBC}") = "Problem5", "Problem5\Problem5.csproj", "{39012BEE-11F4-417C-8CBF-E2C7BA0818A5}"
EndProject
Project("{FAE04EC0-301F-11D3-BF4B-00C04F79EFBC}") = "Problem6", "Problem6\Problem6.csproj", "{ADECC278-C17A-4660-AF05-CA2FFF2280F9}"
EndProject
Project("{FAE04EC0-301F-11D3-BF4B-00C04F79EFBC}") = "NekoVampire.MathLib", "NekoVampire.MathLib\NekoVampire.MathLib.csproj", "{520C9447-507C-4D56-AB70-65EF7E856244}"
EndProject
Project("{FAE04EC0-301F-11D3-BF4B-00C04F79EFBC}") = "Problem7", "Problem7\Problem7.csproj", "{416FBA44-880E-4E0E-BF0B-35AD11CFBB67}"
EndProject
Project("{FAE04EC0-301F-11D3-BF4B-00C04F79EFBC}") = "Problem8", "Problem8\Problem8.csproj", "{12BEB880-F8D9-4BAD-8FEF-BB3D8F55D6B8}"
EndProject
Project("{FAE04EC0-301F-11D3-BF4B-00C04F79EFBC}") = "Problem9", "Problem9\Problem9.csproj", "{7599FF24-26B8-41D8-8336-E4710E082CF1}"
EndProject
Project("{FAE04EC0-301F-11D3-BF4B-00C04F79EFBC}") = "Problem10", "Problem10\Problem10.csproj", "{875C3766-103B-4BED-9EE4-88C2C6E056D2}"
EndProject
Global
	GlobalSection(SolutionConfigurationPlatforms) = preSolution
		Debug|Any CPU = Debug|Any CPU
		Debug|Mixed Platforms = Debug|Mixed Platforms
		Debug|x86 = Debug|x86
		Release|Any CPU = Release|Any CPU
		Release|Mixed Platforms = Release|Mixed Platforms
		Release|x86 = Release|x86
	EndGlobalSection
	GlobalSection(ProjectConfigurationPlatforms) = postSolution
		{B2C70681-70AC-49D2-ACA8-5B3D70EC0228}.Debug|Any CPU.ActiveCfg = Debug|x86
		{B2C70681-70AC-49D2-ACA8-5B3D70EC0228}.Debug|Mixed Platforms.ActiveCfg = Debug|x86
		{B2C70681-70AC-49D2-ACA8-5B3D70EC0228}.Debug|Mixed Platforms.Build.0 = Debug|x86
		{B2C70681-70AC-49D2-ACA8-5B3D70EC0228}.Debug|x86.ActiveCfg = Debug|x86
		{B2C70681-70AC-49D2-ACA8-5B3D70EC0228}.Debug|x86.Build.0 = Debug|x86
		{B2C70681-70AC-49D2-ACA8-5B3D70EC0228}.Release|Any CPU.ActiveCfg = Release|x86
		{B2C70681-70AC-49D2-ACA8-5B3D70EC0228}.Release|Mixed Platforms.ActiveCfg = Release|x86
		{B2C70681-70AC-49D2-ACA8-5B3D70EC0228}.Release|Mixed Platforms.Build.0 = Release|x86
		{B2C70681-70AC-49D2-ACA8-5B3D70EC0228}.Release|x86.ActiveCfg = Release|x86
		{B2C70681-70AC-49D2-ACA8-5B3D70EC0228}.Release|x86.Build.0 = Release|x86
		{C52E68BE-8401-40BD-A214-708BE2788F74}.Debug|Any CPU.ActiveCfg = Debug|x86
		{C52E68BE-8401-40BD-A214-708BE2788F74}.Debug|Mixed Platforms.ActiveCfg = Debug|x86
		{C52E68BE-8401-40BD-A214-708BE2788F74}.Debug|Mixed Platforms.Build.0 = Debug|x86
		{C52E68BE-8401-40BD-A214-708BE2788F74}.Debug|x86.ActiveCfg = Debug|x86
		{C52E68BE-8401-40BD-A214-708BE2788F74}.Debug|x86.Build.0 = Debug|x86
		{C52E68BE-8401-40BD-A214-708BE2788F74}.Release|Any CPU.ActiveCfg = Release|x86
		{C52E68BE-8401-40BD-A214-708BE2788F74}.Release|Mixed Platforms.ActiveCfg = Release|x86
		{C52E68BE-8401-40BD-A214-708BE2788F74}.Release|Mixed Platforms.Build.0 = Release|x86
		{C52E68BE-8401-40BD-A214-708BE2788F74}.Release|x86.ActiveCfg = Release|x86
		{C52E68BE-8401-40BD-A214-708BE2788F74}.Release|x86.Build.0 = Release|x86
		{532D800A-1239-41E3-A61E-6610EADC4D96}.Debug|Any CPU.ActiveCfg = Debug|x86
		{532D800A-1239-41E3-A61E-6610EADC4D96}.Debug|Mixed Platforms.ActiveCfg = Debug|x86
		{532D800A-1239-41E3-A61E-6610EADC4D96}.Debug|Mixed Platforms.Build.0 = Debug|x86
		{532D800A-1239-41E3-A61E-6610EADC4D96}.Debug|x86.ActiveCfg = Debug|x86
		{532D800A-1239-41E3-A61E-6610EADC4D96}.Debug|x86.Build.0 = Debug|x86
		{532D800A-1239-41E3-A61E-6610EADC4D96}.Release|Any CPU.ActiveCfg = Release|x86
		{532D800A-1239-41E3-A61E-6610EADC4D96}.Release|Mixed Platforms.ActiveCfg = Release|x86
		{532D800A-1239-41E3-A61E-6610EADC4D96}.Release|Mixed Platforms.Build.0 = Release|x86
		{532D800A-1239-41E3-A61E-6610EADC4D96}.Release|x86.ActiveCfg = Release|x86
		{532D800A-1239-41E3-A61E-6610EADC4D96}.Release|x86.Build.0 = Release|x86
		{6501D705-C3A2-47CB-8DBE-A62F5B759367}.Debug|Any CPU.ActiveCfg = Debug|x86
		{6501D705-C3A2-47CB-8DBE-A62F5B759367}.Debug|Mixed Platforms.ActiveCfg = Debug|x86
		{6501D705-C3A2-47CB-8DBE-A62F5B759367}.Debug|Mixed Platforms.Build.0 = Debug|x86
		{6501D705-C3A2-47CB-8DBE-A62F5B759367}.Debug|x86.ActiveCfg = Debug|x86
		{6501D705-C3A2-47CB-8DBE-A62F5B759367}.Debug|x86.Build.0 = Debug|x86
		{6501D705-C3A2-47CB-8DBE-A62F5B759367}.Release|Any CPU.ActiveCfg = Release|x86
		{6501D705-C3A2-47CB-8DBE-A62F5B759367}.Release|Mixed Platforms.ActiveCfg = Release|x86
		{6501D705-C3A2-47CB-8DBE-A62F5B759367}.Release|Mixed Platforms.Build.0 = Release|x86
		{6501D705-C3A2-47CB-8DBE-A62F5B759367}.Release|x86.ActiveCfg = Release|x86
		{6501D705-C3A2-47CB-8DBE-A62F5B759367}.Release|x86.Build.0 = Release|x86
		{39012BEE-11F4-417C-8CBF-E2C7BA0818A5}.Debug|Any CPU.ActiveCfg = Debug|x86
		{39012BEE-11F4-417C-8CBF-E2C7BA0818A5}.Debug|Mixed Platforms.ActiveCfg = Debug|x86
		{39012BEE-11F4-417C-8CBF-E2C7BA0818A5}.Debug|Mixed Platforms.Build.0 = Debug|x86
		{39012BEE-11F4-417C-8CBF-E2C7BA0818A5}.Debug|x86.ActiveCfg = Debug|x86
		{39012BEE-11F4-417C-8CBF-E2C7BA0818A5}.Debug|x86.Build.0 = Debug|x86
		{39012BEE-11F4-417C-8CBF-E2C7BA0818A5}.Release|Any CPU.ActiveCfg = Release|x86
		{39012BEE-11F4-417C-8CBF-E2C7BA0818A5}.Release|Mixed Platforms.ActiveCfg = Release|x86
		{39012BEE-11F4-417C-8CBF-E2C7BA0818A5}.Release|Mixed Platforms.Build.0 = Release|x86
		{39012BEE-11F4-417C-8CBF-E2C7BA0818A5}.Release|x86.ActiveCfg = Release|x86
		{39012BEE-11F4-417C-8CBF-E2C7BA0818A5}.Release|x86.Build.0 = Release|x86
		{ADECC278-C17A-4660-AF05-CA2FFF2280F9}.Debug|Any CPU.ActiveCfg = Debug|x86
		{ADECC278-C17A-4660-AF05-CA2FFF2280F9}.Debug|Mixed Platforms.ActiveCfg = Debug|x86
		{ADECC278-C17A-4660-AF05-CA2FFF2280F9}.Debug|Mixed Platforms.Build.0 = Debug|x86
		{ADECC278-C17A-4660-AF05-CA2FFF2280F9}.Debug|x86.ActiveCfg = Debug|x86
		{ADECC278-C17A-4660-AF05-CA2FFF2280F9}.Debug|x86.Build.0 = Debug|x86
		{ADECC278-C17A-4660-AF05-CA2FFF2280F9}.Release|Any CPU.ActiveCfg = Release|x86
		{ADECC278-C17A-4660-AF05-CA2FFF2280F9}.Release|Mixed Platforms.ActiveCfg = Release|x86
		{ADECC278-C17A-4660-AF05-CA2FFF2280F9}.Release|Mixed Platforms.Build.0 = Release|x86
		{ADECC278-C17A-4660-AF05-CA2FFF2280F9}.Release|x86.ActiveCfg = Release|x86
		{ADECC278-C17A-4660-AF05-CA2FFF2280F9}.Release|x86.Build.0 = Release|x86
		{520C9447-507C-4D56-AB70-65EF7E856244}.Debug|Any CPU.ActiveCfg = Debug|Any CPU
		{520C9447-507C-4D56-AB70-65EF7E856244}.Debug|Any CPU.Build.0 = Debug|Any CPU
		{520C9447-507C-4D56-AB70-65EF7E856244}.Debug|Mixed Platforms.ActiveCfg = Debug|Any CPU
		{520C9447-507C-4D56-AB70-65EF7E856244}.Debug|Mixed Platforms.Build.0 = Debug|Any CPU
		{520C9447-507C-4D56-AB70-65EF7E856244}.Debug|x86.ActiveCfg = Debug|Any CPU
		{520C9447-507C-4D56-AB70-65EF7E856244}.Release|Any CPU.ActiveCfg = Release|Any CPU
		{520C9447-507C-4D56-AB70-65EF7E856244}.Release|Any CPU.Build.0 = Release|Any CPU
		{520C9447-507C-4D56-AB70-65EF7E856244}.Release|Mixed Platforms.ActiveCfg = Release|Any CPU
		{520C9447-507C-4D56-AB70-65EF7E856244}.Release|Mixed Platforms.Build.0 = Release|Any CPU
		{520C9447-507C-4D56-AB70-65EF7E856244}.Release|x86.ActiveCfg = Release|Any CPU
		{416FBA44-880E-4E0E-BF0B-35AD11CFBB67}.Debug|Any CPU.ActiveCfg = Debug|x86
		{416FBA44-880E-4E0E-BF0B-35AD11CFBB67}.Debug|Mixed Platforms.ActiveCfg = Debug|x86
		{416FBA44-880E-4E0E-BF0B-35AD11CFBB67}.Debug|Mixed Platforms.Build.0 = Debug|x86
		{416FBA44-880E-4E0E-BF0B-35AD11CFBB67}.Debug|x86.ActiveCfg = Debug|x86
		{416FBA44-880E-4E0E-BF0B-35AD11CFBB67}.Debug|x86.Build.0 = Debug|x86
		{416FBA44-880E-4E0E-BF0B-35AD11CFBB67}.Release|Any CPU.ActiveCfg = Release|x86
		{416FBA44-880E-4E0E-BF0B-35AD11CFBB67}.Release|Mixed Platforms.ActiveCfg = Release|x86
		{416FBA44-880E-4E0E-BF0B-35AD11CFBB67}.Release|Mixed Platforms.Build.0 = Release|x86
		{416FBA44-880E-4E0E-BF0B-35AD11CFBB67}.Release|x86.ActiveCfg = Release|x86
		{416FBA44-880E-4E0E-BF0B-35AD11CFBB67}.Release|x86.Build.0 = Release|x86
		{12BEB880-F8D9-4BAD-8FEF-BB3D8F55D6B8}.Debug|Any CPU.ActiveCfg = Debug|x86
		{12BEB880-F8D9-4BAD-8FEF-BB3D8F55D6B8}.Debug|Mixed Platforms.ActiveCfg = Debug|x86
		{12BEB880-F8D9-4BAD-8FEF-BB3D8F55D6B8}.Debug|Mixed Platforms.Build.0 = Debug|x86
		{12BEB880-F8D9-4BAD-8FEF-BB3D8F55D6B8}.Debug|x86.ActiveCfg = Debug|x86
		{12BEB880-F8D9-4BAD-8FEF-BB3D8F55D6B8}.Debug|x86.Build.0 = Debug|x86
		{12BEB880-F8D9-4BAD-8FEF-BB3D8F55D6B8}.Release|Any CPU.ActiveCfg = Release|x86
		{12BEB880-F8D9-4BAD-8FEF-BB3D8F55D6B8}.Release|Mixed Platforms.ActiveCfg = Release|x86
		{12BEB880-F8D9-4BAD-8FEF-BB3D8F55D6B8}.Release|Mixed Platforms.Build.0 = Release|x86
		{12BEB880-F8D9-4BAD-8FEF-BB3D8F55D6B8}.Release|x86.ActiveCfg = Release|x86
		{12BEB880-F8D9-4BAD-8FEF-BB3D8F55D6B8}.Release|x86.Build.0 = Release|x86
		{7599FF24-26B8-41D8-8336-E4710E082CF1}.Debug|Any CPU.ActiveCfg = Debug|x86
		{7599FF24-26B8-41D8-8336-E4710E082CF1}.Debug|Mixed Platforms.ActiveCfg = Debug|x86
		{7599FF24-26B8-41D8-8336-E4710E082CF1}.Debug|Mixed Platforms.Build.0 = Debug|x86
		{7599FF24-26B8-41D8-8336-E4710E082CF1}.Debug|x86.ActiveCfg = Debug|x86
		{7599FF24-26B8-41D8-8336-E4710E082CF1}.Debug|x86.Build.0 = Debug|x86
		{7599FF24-26B8-41D8-8336-E4710E082CF1}.Release|Any CPU.ActiveCfg = Release|x86
		{7599FF24-26B8-41D8-8336-E4710E082CF1}.Release|Mixed Platforms.ActiveCfg = Release|x86
		{7599FF24-26B8-41D8-8336-E4710E082CF1}.Release|Mixed Platforms.Build.0 = Release|x86
		{7599FF24-26B8-41D8-8336-E4710E082CF1}.Release|x86.ActiveCfg = Release|x86
		{7599FF24-26B8-41D8-8336-E4710E082CF1}.Release|x86.Build.0 = Release|x86
		{875C3766-103B-4BED-9EE4-88C2C6E056D2}.Debug|Any CPU.ActiveCfg = Debug|x86
		{875C3766-103B-4BED-9EE4-88C2C6E056D2}.Debug|Mixed Platforms.ActiveCfg = Debug|x86
		{875C3766-103B-4BED-9EE4-88C2C6E056D2}.Debug|Mixed Platforms.Build.0 = Debug|x86
		{875C3766-103B-4BED-9EE4-88C2C6E056D2}.Debug|x86.ActiveCfg = Debug|x86
		{875C3766-103B-4BED-9EE4-88C2C6E056D2}.Debug|x86.Build.0 = Debug|x86
		{875C3766-103B-4BED-9EE4-88C2C6E056D2}.Release|Any CPU.ActiveCfg = Release|x86
		{875C3766-103B-4BED-9EE4-88C2C6E056D2}.Release|Mixed Platforms.ActiveCfg = Release|x86
		{875C3766-103B-4BED-9EE4-88C2C6E056D2}.Release|Mixed Platforms.Build.0 = Release|x86
		{875C3766-103B-4BED-9EE4-88C2C6E056D2}.Release|x86.ActiveCfg = Release|x86
		{875C3766-103B-4BED-9EE4-88C2C6E056D2}.Release|x86.Build.0 = Release|x86
	EndGlobalSection
	GlobalSection(SolutionProperties) = preSolution
		HideSolutionNode = FALSE
	EndGlobalSection
EndGlobal
