
Microsoft Visual Studio Solution File, Format Version 11.00
# Visual Studio 2010
Project("{FAE04EC0-301F-11D3-BF4B-00C04F79EFBC}") = "Problem1", "Problem1\Problem1.csproj", "{B2C70681-70AC-49D2-ACA8-5B3D70EC0228}"
EndProject
Project("{FAE04EC0-301F-11D3-BF4B-00C04F79EFBC}") = "Problem2", "Problem2\Problem2.csproj", "{C52E68BE-8401-40BD-A214-708BE2788F74}"
EndProject
Project("{FAE04EC0-301F-11D3-BF4B-00C04F79EFBC}") = "Problem3", "Problem3\Problem3.csproj", "{532D800A-1239-41E3-A61E-6610EADC4D96}"
EndProject
Project("{FAE04EC0-301F-11D3-BF4B-00C04F79EFBC}") = "Problem4", "Problem4\Problem4.csproj", "{6501D705-C3A2-47CB-8DBE-A62F5B759367}"
EndProject
Project("{FAE04EC0-301F-11D3-BF4B-00C04F79EFBC}") = "Problem5", "Problem5\Problem5.csproj", "{39012BEE-11F4-417C-8CBF-E2C7BA0818A5}"
EndProject
Global
	GlobalSection(SolutionConfigurationPlatforms) = preSolution
		Debug|x86 = Debug|x86
		Release|x86 = Release|x86
	EndGlobalSection
	GlobalSection(ProjectConfigurationPlatforms) = postSolution
		{B2C70681-70AC-49D2-ACA8-5B3D70EC0228}.Debug|x86.ActiveCfg = Debug|x86
		{B2C70681-70AC-49D2-ACA8-5B3D70EC0228}.Debug|x86.Build.0 = Debug|x86
		{B2C70681-70AC-49D2-ACA8-5B3D70EC0228}.Release|x86.ActiveCfg = Release|x86
		{B2C70681-70AC-49D2-ACA8-5B3D70EC0228}.Release|x86.Build.0 = Release|x86
		{C52E68BE-8401-40BD-A214-708BE2788F74}.Debug|x86.ActiveCfg = Debug|x86
		{C52E68BE-8401-40BD-A214-708BE2788F74}.Debug|x86.Build.0 = Debug|x86
		{C52E68BE-8401-40BD-A214-708BE2788F74}.Release|x86.ActiveCfg = Release|x86
		{C52E68BE-8401-40BD-A214-708BE2788F74}.Release|x86.Build.0 = Release|x86
		{532D800A-1239-41E3-A61E-6610EADC4D96}.Debug|x86.ActiveCfg = Debug|x86
		{532D800A-1239-41E3-A61E-6610EADC4D96}.Debug|x86.Build.0 = Debug|x86
		{532D800A-1239-41E3-A61E-6610EADC4D96}.Release|x86.ActiveCfg = Release|x86
		{532D800A-1239-41E3-A61E-6610EADC4D96}.Release|x86.Build.0 = Release|x86
		{6501D705-C3A2-47CB-8DBE-A62F5B759367}.Debug|x86.ActiveCfg = Debug|x86
		{6501D705-C3A2-47CB-8DBE-A62F5B759367}.Debug|x86.Build.0 = Debug|x86
		{6501D705-C3A2-47CB-8DBE-A62F5B759367}.Release|x86.ActiveCfg = Release|x86
		{6501D705-C3A2-47CB-8DBE-A62F5B759367}.Release|x86.Build.0 = Release|x86
		{39012BEE-11F4-417C-8CBF-E2C7BA0818A5}.Debug|x86.ActiveCfg = Debug|x86
		{39012BEE-11F4-417C-8CBF-E2C7BA0818A5}.Debug|x86.Build.0 = Debug|x86
		{39012BEE-11F4-417C-8CBF-E2C7BA0818A5}.Release|x86.ActiveCfg = Release|x86
		{39012BEE-11F4-417C-8CBF-E2C7BA0818A5}.Release|x86.Build.0 = Release|x86
	EndGlobalSection
	GlobalSection(SolutionProperties) = preSolution
		HideSolutionNode = FALSE
	EndGlobalSection
EndGlobal
